// !$*UTF8*$!
{
	archiveVersion = 1;
	classes = {
	};
	objectVersion = 46;
	objects = {

/* Begin PBXBuildFile section */
		F919C1171D3802AD001E3983 /* main.m in Sources */ = {isa = PBXBuildFile; fileRef = F919C1161D3802AD001E3983 /* main.m */; };
		F919C11A1D3802AD001E3983 /* AppDelegate.m in Sources */ = {isa = PBXBuildFile; fileRef = F919C1191D3802AD001E3983 /* AppDelegate.m */; };
		F919C11D1D3802AD001E3983 /* ViewController.m in Sources */ = {isa = PBXBuildFile; fileRef = F919C11C1D3802AD001E3983 /* ViewController.m */; };
		F919C1201D3802AD001E3983 /* Main.storyboard in Resources */ = {isa = PBXBuildFile; fileRef = F919C11E1D3802AD001E3983 /* Main.storyboard */; };
		F919C1221D3802AD001E3983 /* Assets.xcassets in Resources */ = {isa = PBXBuildFile; fileRef = F919C1211D3802AD001E3983 /* Assets.xcassets */; };
		F919C1251D3802AD001E3983 /* LaunchScreen.storyboard in Resources */ = {isa = PBXBuildFile; fileRef = F919C1231D3802AD001E3983 /* LaunchScreen.storyboard */; };
/* End PBXBuildFile section */

/* Begin PBXFileReference section */
		F919C1121D3802AD001E3983 /* ShiShuo.app */ = {isa = PBXFileReference; explicitFileType = wrapper.application; includeInIndex = 0; path = ShiShuo.app; sourceTree = BUILT_PRODUCTS_DIR; };
		F919C1161D3802AD001E3983 /* main.m */ = {isa = PBXFileReference; lastKnownFileType = sourcecode.c.objc; path = main.m; sourceTree = "<group>"; };
		F919C1181D3802AD001E3983 /* AppDelegate.h */ = {isa = PBXFileReference; lastKnownFileType = sourcecode.c.h; path = AppDelegate.h; sourceTree = "<group>"; };
		F919C1191D3802AD001E3983 /* AppDelegate.m */ = {isa = PBXFileReference; lastKnownFileType = sourcecode.c.objc; path = AppDelegate.m; sourceTree = "<group>"; };
		F919C11B1D3802AD001E3983 /* ViewController.h */ = {isa = PBXFileReference; lastKnownFileType = sourcecode.c.h; path = ViewController.h; sourceTree = "<group>"; };
		F919C11C1D3802AD001E3983 /* ViewController.m */ = {isa = PBXFileReference; lastKnownFileType = sourcecode.c.objc; path = ViewController.m; sourceTree = "<group>"; };
		F919C11F1D3802AD001E3983 /* Base */ = {isa = PBXFileReference; lastKnownFileType = file.storyboard; name = Base; path = Base.lproj/Main.storyboard; sourceTree = "<group>"; };
		F919C1211D3802AD001E3983 /* Assets.xcassets */ = {isa = PBXFileReference; lastKnownFileType = folder.assetcatalog; path = Assets.xcassets; sourceTree = "<group>"; };
		F919C1241D3802AD001E3983 /* Base */ = {isa = PBXFileReference; lastKnownFileType = file.storyboard; name = Base; path = Base.lproj/LaunchScreen.storyboard; sourceTree = "<group>"; };
		F919C1261D3802AD001E3983 /* Info.plist */ = {isa = PBXFileReference; lastKnownFileType = text.plist.xml; path = Info.plist; sourceTree = "<group>"; };
/* End PBXFileReference section */

/* Begin PBXFrameworksBuildPhase section */
		F919C10F1D3802AD001E3983 /* Frameworks */ = {
			isa = PBXFrameworksBuildPhase;
			buildActionMask = 2147483647;
			files = (
			);
			runOnlyForDeploymentPostprocessing = 0;
		};
/* End PBXFrameworksBuildPhase section */

/* Begin PBXGroup section */
		F919C1091D3802AD001E3983 = {
			isa = PBXGroup;
			children = (
				F919C1141D3802AD001E3983 /* ShiShuo */,
				F919C1131D3802AD001E3983 /* Products */,
			);
			sourceTree = "<group>";
		};
		F919C1131D3802AD001E3983 /* Products */ = {
			isa = PBXGroup;
			children = (
				F919C1121D3802AD001E3983 /* ShiShuo.app */,
			);
			name = Products;
			sourceTree = "<group>";
		};
		F919C1141D3802AD001E3983 /* ShiShuo */ = {
			isa = PBXGroup;
			children = (
				F919C1181D3802AD001E3983 /* AppDelegate.h */,
				F919C1191D3802AD001E3983 /* AppDelegate.m */,
				F919C11B1D3802AD001E3983 /* ViewController.h */,
				F919C11C1D3802AD001E3983 /* ViewController.m */,
				F919C11E1D3802AD001E3983 /* Main.storyboard */,
				F919C1211D3802AD001E3983 /* Assets.xcassets */,
				F919C1231D3802AD001E3983 /* LaunchScreen.storyboard */,
				F919C1261D3802AD001E3983 /* Info.plist */,
				F919C1151D3802AD001E3983 /* Supporting Files */,
			);
			path = ShiShuo;
			sourceTree = "<group>";
		};
		F919C1151D3802AD001E3983 /* Supporting Files */ = {
			isa = PBXGroup;
			children = (
				F919C1161D3802AD001E3983 /* main.m */,
			);
			name = "Supporting Files";
			sourceTree = "<group>";
		};
/* End PBXGroup section */

/* Begin PBXNativeTarget section */
		F919C1111D3802AD001E3983 /* ShiShuo */ = {
			isa = PBXNativeTarget;
			buildConfigurationList = F919C1291D3802AD001E3983 /* Build configuration list for PBXNativeTarget "ShiShuo" */;
			buildPhases = (
				F919C10E1D3802AD001E3983 /* Sources */,
				F919C10F1D3802AD001E3983 /* Frameworks */,
				F919C1101D3802AD001E3983 /* Resources */,
			);
			buildRules = (
			);
			dependencies = (
			);
			name = ShiShuo;
			productName = ShiShuo;
			productReference = F919C1121D3802AD001E3983 /* ShiShuo.app */;
			productType = "com.apple.product-type.application";
		};
/* End PBXNativeTarget section */

/* Begin PBXProject section */
		F919C10A1D3802AD001E3983 /* Project object */ = {
			isa = PBXProject;
			attributes = {
				LastUpgradeCheck = 0720;
				ORGANIZATIONNAME = CloudEducation;
				TargetAttributes = {
					F919C1111D3802AD001E3983 = {
						CreatedOnToolsVersion = 7.2.1;
					};
				};
			};
			buildConfigurationList = F919C10D1D3802AD001E3983 /* Build configuration list for PBXProject "ShiShuo" */;
			compatibilityVersion = "Xcode 3.2";
			developmentRegion = English;
			hasScannedForEncodings = 0;
			knownRegions = (
				en,
				Base,
			);
			mainGroup = F919C1091D3802AD001E3983;
			productRefGroup = F919C1131D3802AD001E3983 /* Products */;
			projectDirPath = "";
			projectRoot = "";
			targets = (
				F919C1111D3802AD001E3983 /* ShiShuo */,
			);
		};
/* End PBXProject section */

/* Begin PBXResourcesBuildPhase section */
		F919C1101D3802AD001E3983 /* Resources */ = {
			isa = PBXResourcesBuildPhase;
			buildActionMask = 2147483647;
			files = (
				F919C1251D3802AD001E3983 /* LaunchScreen.storyboard in Resources */,
				F919C1221D3802AD001E3983 /* Assets.xcassets in Resources */,
				F919C1201D3802AD001E3983 /* Main.storyboard in Resources */,
			);
			runOnlyForDeploymentPostprocessing = 0;
		};
/* End PBXResourcesBuildPhase section */

/* Begin PBXSourcesBuildPhase section */
		F919C10E1D3802AD001E3983 /* Sources */ = {
			isa = PBXSourcesBuildPhase;
			buildActionMask = 2147483647;
			files = (
				F919C11D1D3802AD001E3983 /* ViewController.m in Sources */,
				F919C11A1D3802AD001E3983 /* AppDelegate.m in Sources */,
				F919C1171D3802AD001E3983 /* main.m in Sources */,
			);
			runOnlyForDeploymentPostprocessing = 0;
		};
/* End PBXSourcesBuildPhase section */

/* Begin PBXVariantGroup section */
		F919C11E1D3802AD001E3983 /* Main.storyboard */ = {
			isa = PBXVariantGroup;
			children = (
				F919C11F1D3802AD001E3983 /* Base */,
			);
			name = Main.storyboard;
			sourceTree = "<group>";
		};
		F919C1231D3802AD001E3983 /* LaunchScreen.storyboard */ = {
			isa = PBXVariantGroup;
			children = (
				F919C1241D3802AD001E3983 /* Base */,
			);
			name = LaunchScreen.storyboard;
			sourceTree = "<group>";
		};
/* End PBXVariantGroup section */

/* Begin XCBuildConfiguration section */
		F919C1271D3802AD001E3983 /* Debug */ = {
			isa = XCBuildConfiguration;
			buildSettings = {
				ALWAYS_SEARCH_USER_PATHS = NO;
				CLANG_CXX_LANGUAGE_STANDARD = "gnu++0x";
				CLANG_CXX_LIBRARY = "libc++";
				CLANG_ENABLE_MODULES = YES;
				CLANG_ENABLE_OBJC_ARC = YES;
				CLANG_WARN_BOOL_CONVERSION = YES;
				CLANG_WARN_CONSTANT_CONVERSION = YES;
				CLANG_WARN_DIRECT_OBJC_ISA_USAGE = YES_ERROR;
				CLANG_WARN_EMPTY_BODY = YES;
				CLANG_WARN_ENUM_CONVERSION = YES;
				CLANG_WARN_INT_CONVERSION = YES;
				CLANG_WARN_OBJC_ROOT_CLASS = YES_ERROR;
				CLANG_WARN_UNREACHABLE_CODE = YES;
				CLANG_WARN__DUPLICATE_METHOD_MATCH = YES;
				"CODE_SIGN_IDENTITY[sdk=iphoneos*]" = "iPhone Developer";
				COPY_PHASE_STRIP = NO;
				DEBUG_INFORMATION_FORMAT = dwarf;
				ENABLE_STRICT_OBJC_MSGSEND = YES;
				ENABLE_TESTABILITY = YES;
				GCC_C_LANGUAGE_STANDARD = gnu99;
				GCC_DYNAMIC_NO_PIC = NO;
				GCC_NO_COMMON_BLOCKS = YES;
				GCC_OPTIMIZATION_LEVEL = 0;
				GCC_PREPROCESSOR_DEFINITIONS = (
					"DEBUG=1",
					"$(inherited)",
				);
				GCC_WARN_64_TO_32_BIT_CONVERSION = YES;
				GCC_WARN_ABOUT_RETURN_TYPE = YES_ERROR;
				GCC_WARN_UNDECLARED_SELECTOR = YES;
				GCC_WARN_UNINITIALIZED_AUTOS = YES_AGGRESSIVE;
				GCC_WARN_UNUSED_FUNCTION = YES;
				GCC_WARN_UNUSED_VARIABLE = YES;
				IPHONEOS_DEPLOYMENT_TARGET = 9.2;
				MTL_ENABLE_DEBUG_INFO = YES;
				ONLY_ACTIVE_ARCH = YES;
				SDKROOT = iphoneos;
			};
			name = Debug;
		};
		F919C1281D3802AD001E3983 /* Release */ = {
			isa = XCBuildConfiguration;
			buildSettings = {
				ALWAYS_SEARCH_USER_PATHS = NO;
				CLANG_CXX_LANGUAGE_STANDARD = "gnu++0x";
				CLANG_CXX_LIBRARY = "libc++";
				CLANG_ENABLE_MODULES = YES;
				CLANG_ENABLE_OBJC_ARC = YES;
				CLANG_WARN_BOOL_CONVERSION = YES;
				CLANG_WARN_CONSTANT_CONVERSION = YES;
				CLANG_WARN_DIRECT_OBJC_ISA_USAGE = YES_ERROR;
				CLANG_WARN_EMPTY_BODY = YES;
				CLANG_WARN_ENUM_CONVERSION = YES;
				CLANG_WARN_INT_CONVERSION = YES;
				CLANG_WARN_OBJC_ROOT_CLASS = YES_ERROR;
				CLANG_WARN_UNREACHABLE_CODE = YES;
				CLANG_WARN__DUPLICATE_METHOD_MATCH = YES;
				"CODE_SIGN_IDENTITY[sdk=iphoneos*]" = "iPhone Developer";
				COPY_PHASE_STRIP = NO;
				DEBUG_INFORMATION_FORMAT = "dwarf-with-dsym";
				ENABLE_NS_ASSERTIONS = NO;
				ENABLE_STRICT_OBJC_MSGSEND = YES;
				GCC_C_LANGUAGE_STANDARD = gnu99;
				GCC_NO_COMMON_BLOCKS = YES;
				GCC_WARN_64_TO_32_BIT_CONVERSION = YES;
				GCC_WARN_ABOUT_RETURN_TYPE = YES_ERROR;
				GCC_WARN_UNDECLARED_SELECTOR = YES;
				GCC_WARN_UNINITIALIZED_AUTOS = YES_AGGRESSIVE;
				GCC_WARN_UNUSED_FUNCTION = YES;
				GCC_WARN_UNUSED_VARIABLE = YES;
				IPHONEOS_DEPLOYMENT_TARGET = 9.2;
				MTL_ENABLE_DEBUG_INFO = NO;
				SDKROOT = iphoneos;
				VALIDATE_PRODUCT = YES;
			};
			name = Release;
		};
		F919C12A1D3802AD001E3983 /* Debug */ = {
			isa = XCBuildConfiguration;
			buildSettings = {
				ASSETCATALOG_COMPILER_APPICON_NAME = AppIcon;
				INFOPLIST_FILE = ShiShuo/Info.plist;
				LD_RUNPATH_SEARCH_PATHS = "$(inherited) @executable_path/Frameworks";
				PRODUCT_BUNDLE_IDENTIFIER = Cloud.ShiShuo;
				PRODUCT_NAME = "$(TARGET_NAME)";
			};
			name = Debug;
		};
		F919C12B1D3802AD001E3983 /* Release */ = {
			isa = XCBuildConfiguration;
			buildSettings = {
				ASSETCATALOG_COMPILER_APPICON_NAME = AppIcon;
				INFOPLIST_FILE = ShiShuo/Info.plist;
				LD_RUNPATH_SEARCH_PATHS = "$(inherited) @executable_path/Frameworks";
				PRODUCT_BUNDLE_IDENTIFIER = Cloud.ShiShuo;
				PRODUCT_NAME = "$(TARGET_NAME)";
			};
			name = Release;
		};
/* End XCBuildConfiguration section */

/* Begin XCConfigurationList section */
		F919C10D1D3802AD001E3983 /* Build configuration list for PBXProject "ShiShuo" */ = {
			isa = XCConfigurationList;
			buildConfigurations = (
				F919C1271D3802AD001E3983 /* Debug */,
				F919C1281D3802AD001E3983 /* Release */,
			);
			defaultConfigurationIsVisible = 0;
			defaultConfigurationName = Release;
		};
		F919C1291D3802AD001E3983 /* Build configuration list for PBXNativeTarget "ShiShuo" */ = {
			isa = XCConfigurationList;
			buildConfigurations = (
				F919C12A1D3802AD001E3983 /* Debug */,
				F919C12B1D3802AD001E3983 /* Release */,
			);
			defaultConfigurationIsVisible = 0;
		};
/* End XCConfigurationList section */
	};
	rootObject = F919C10A1D3802AD001E3983 /* Project object */;
}
