// !$*UTF8*$!
{
	archiveVersion = 1;
	classes = {
	};
	objectVersion = 46;
	objects = {

/* Begin PBXBuildFile section */
		F914476C1D3956BE00F80EA7 /* UIView+Extension.m in Sources */ = {isa = PBXBuildFile; fileRef = F914476B1D3956BE00F80EA7 /* UIView+Extension.m */; };
		F91447701D395EC000F80EA7 /* SSPersonModel.m in Sources */ = {isa = PBXBuildFile; fileRef = F914476F1D395EC000F80EA7 /* SSPersonModel.m */; };
		F91447741D39635400F80EA7 /* SSsubViewC.m in Sources */ = {isa = PBXBuildFile; fileRef = F91447721D39635400F80EA7 /* SSsubViewC.m */; };
		F91447751D39635400F80EA7 /* SSsubViewC.xib in Resources */ = {isa = PBXBuildFile; fileRef = F91447731D39635400F80EA7 /* SSsubViewC.xib */; };
		F91447791D399B4600F80EA7 /* OpenCell.m in Sources */ = {isa = PBXBuildFile; fileRef = F91447771D399B4600F80EA7 /* OpenCell.m */; };
		F914477A1D399B4600F80EA7 /* OpenCell.xib in Resources */ = {isa = PBXBuildFile; fileRef = F91447781D399B4600F80EA7 /* OpenCell.xib */; };
		F919C1171D3802AD001E3983 /* main.m in Sources */ = {isa = PBXBuildFile; fileRef = F919C1161D3802AD001E3983 /* main.m */; };
		F919C11A1D3802AD001E3983 /* AppDelegate.m in Sources */ = {isa = PBXBuildFile; fileRef = F919C1191D3802AD001E3983 /* AppDelegate.m */; };
		F919C11D1D3802AD001E3983 /* ViewController.m in Sources */ = {isa = PBXBuildFile; fileRef = F919C11C1D3802AD001E3983 /* ViewController.m */; };
		F919C1201D3802AD001E3983 /* Main.storyboard in Resources */ = {isa = PBXBuildFile; fileRef = F919C11E1D3802AD001E3983 /* Main.storyboard */; };
		F919C1221D3802AD001E3983 /* Assets.xcassets in Resources */ = {isa = PBXBuildFile; fileRef = F919C1211D3802AD001E3983 /* Assets.xcassets */; };
		F919C1251D3802AD001E3983 /* LaunchScreen.storyboard in Resources */ = {isa = PBXBuildFile; fileRef = F919C1231D3802AD001E3983 /* LaunchScreen.storyboard */; };
		F919C1331D381246001E3983 /* 22.png in Resources */ = {isa = PBXBuildFile; fileRef = F919C1321D381246001E3983 /* 22.png */; };
		F919C13B1D3815D5001E3983 /* SSLoginVC.m in Sources */ = {isa = PBXBuildFile; fileRef = F919C1391D3815D5001E3983 /* SSLoginVC.m */; };
		F919C13C1D3815D5001E3983 /* SSLoginVC.xib in Resources */ = {isa = PBXBuildFile; fileRef = F919C13A1D3815D5001E3983 /* SSLoginVC.xib */; };
		F919C13F1D381807001E3983 /* 960.png in Resources */ = {isa = PBXBuildFile; fileRef = F919C13E1D381807001E3983 /* 960.png */; };
		F919C1431D3831B2001E3983 /* SSRgisterVC.m in Sources */ = {isa = PBXBuildFile; fileRef = F919C1411D3831B2001E3983 /* SSRgisterVC.m */; };
		F919C1441D3831B2001E3983 /* SSRgisterVC.xib in Resources */ = {isa = PBXBuildFile; fileRef = F919C1421D3831B2001E3983 /* SSRgisterVC.xib */; };
		F919C1481D383492001E3983 /* ForgetPassWordVC.m in Sources */ = {isa = PBXBuildFile; fileRef = F919C1461D383492001E3983 /* ForgetPassWordVC.m */; };
		F919C1491D383492001E3983 /* ForgetPassWordVC.xib in Resources */ = {isa = PBXBuildFile; fileRef = F919C1471D383492001E3983 /* ForgetPassWordVC.xib */; };
		F919C14C1D383A9E001E3983 /* MineVC.m in Sources */ = {isa = PBXBuildFile; fileRef = F919C14B1D383A9E001E3983 /* MineVC.m */; };
		F919C14F1D383AFF001E3983 /* ActivityViewController.m in Sources */ = {isa = PBXBuildFile; fileRef = F919C14E1D383AFF001E3983 /* ActivityViewController.m */; };
		F919C1521D383B93001E3983 /* SSBarVC.m in Sources */ = {isa = PBXBuildFile; fileRef = F919C1511D383B93001E3983 /* SSBarVC.m */; };
		F919C1561D383C56001E3983 /* GuideVC.m in Sources */ = {isa = PBXBuildFile; fileRef = F919C1541D383C56001E3983 /* GuideVC.m */; };
		F919C1571D383C56001E3983 /* GuideVC.xib in Resources */ = {isa = PBXBuildFile; fileRef = F919C1551D383C56001E3983 /* GuideVC.xib */; };
		F919C1591D3840FF001E3983 /* 1.png in Resources */ = {isa = PBXBuildFile; fileRef = F919C1581D3840FF001E3983 /* 1.png */; };
		F919C15B1D384109001E3983 /* 0.png in Resources */ = {isa = PBXBuildFile; fileRef = F919C15A1D384109001E3983 /* 0.png */; };
		F919C15E1D385088001E3983 /* SSModel.m in Sources */ = {isa = PBXBuildFile; fileRef = F919C15D1D385088001E3983 /* SSModel.m */; };
		F919C1631D385163001E3983 /* Reachability.m in Sources */ = {isa = PBXBuildFile; fileRef = F919C1601D385163001E3983 /* Reachability.m */; };
		F919C1641D385163001E3983 /* NetWorkManage.m in Sources */ = {isa = PBXBuildFile; fileRef = F919C1621D385163001E3983 /* NetWorkManage.m */; };
		F919C16F1D385308001E3983 /* AESCrypt.m in Sources */ = {isa = PBXBuildFile; fileRef = F919C1681D385308001E3983 /* AESCrypt.m */; };
		F919C1701D385308001E3983 /* NSData+Base64.m in Sources */ = {isa = PBXBuildFile; fileRef = F919C16A1D385308001E3983 /* NSData+Base64.m */; };
		F919C1711D385308001E3983 /* NSString+Base64.m in Sources */ = {isa = PBXBuildFile; fileRef = F919C16C1D385308001E3983 /* NSString+Base64.m */; };
		F919C1721D385308001E3983 /* NSData+CommonCrypto.m in Sources */ = {isa = PBXBuildFile; fileRef = F919C16E1D385308001E3983 /* NSData+CommonCrypto.m */; };
		F919C1751D385341001E3983 /* SSHelpTool.m in Sources */ = {isa = PBXBuildFile; fileRef = F919C1741D385341001E3983 /* SSHelpTool.m */; };
		F919C1781D3857D0001E3983 /* YRJSONAdapter.m in Sources */ = {isa = PBXBuildFile; fileRef = F919C1771D3857D0001E3983 /* YRJSONAdapter.m */; };
		F9E60FD21D3EE32A000E95BC /* CollectionViewCell.m in Sources */ = {isa = PBXBuildFile; fileRef = F9E60FD01D3EE32A000E95BC /* CollectionViewCell.m */; };
		F9E60FD31D3EE32A000E95BC /* CollectionViewCell.xib in Resources */ = {isa = PBXBuildFile; fileRef = F9E60FD11D3EE32A000E95BC /* CollectionViewCell.xib */; };
		F9E60FD81D3EE75F000E95BC /* LiveVC.m in Sources */ = {isa = PBXBuildFile; fileRef = F9E60FD71D3EE75F000E95BC /* LiveVC.m */; };
		F9E60FE51D3EEC81000E95BC /* libAFNetworking.a in Frameworks */ = {isa = PBXBuildFile; fileRef = F9E60FDF1D3EEC81000E95BC /* libAFNetworking.a */; };
		F9E60FE61D3EEC81000E95BC /* libcrypto.a in Frameworks */ = {isa = PBXBuildFile; fileRef = F9E60FE01D3EEC81000E95BC /* libcrypto.a */; };
		F9E60FE71D3EEC81000E95BC /* libLeCloudStreaming.a in Frameworks */ = {isa = PBXBuildFile; fileRef = F9E60FE11D3EEC81000E95BC /* libLeCloudStreaming.a */; };
		F9E60FE81D3EEC81000E95BC /* libssl.a in Frameworks */ = {isa = PBXBuildFile; fileRef = F9E60FE21D3EEC81000E95BC /* libssl.a */; };
		F9E60FE91D3EEC81000E95BC /* LCStreamingBundle.bundle in Resources */ = {isa = PBXBuildFile; fileRef = F9E60FE41D3EEC81000E95BC /* LCStreamingBundle.bundle */; };
		F9E60FEB1D3EEC9F000E95BC /* CoreMedia.framework in Frameworks */ = {isa = PBXBuildFile; fileRef = F9E60FEA1D3EEC9F000E95BC /* CoreMedia.framework */; };
		F9E60FED1D3EECAC000E95BC /* AudioToolbox.framework in Frameworks */ = {isa = PBXBuildFile; fileRef = F9E60FEC1D3EECAC000E95BC /* AudioToolbox.framework */; };
		F9E60FEF1D3EECB6000E95BC /* AVFoundation.framework in Frameworks */ = {isa = PBXBuildFile; fileRef = F9E60FEE1D3EECB6000E95BC /* AVFoundation.framework */; };
		F9E60FF11D3EECC8000E95BC /* libstdc++.tbd in Frameworks */ = {isa = PBXBuildFile; fileRef = F9E60FF01D3EECC8000E95BC /* libstdc++.tbd */; };
		F9E60FF31D3EECD5000E95BC /* libz.tbd in Frameworks */ = {isa = PBXBuildFile; fileRef = F9E60FF21D3EECD5000E95BC /* libz.tbd */; };
		F9E60FF51D3EECE0000E95BC /* libiconv.2.4.0.tbd in Frameworks */ = {isa = PBXBuildFile; fileRef = F9E60FF41D3EECE0000E95BC /* libiconv.2.4.0.tbd */; };
		F9E60FF81D3EEF1E000E95BC /* Libs in Resources */ = {isa = PBXBuildFile; fileRef = F9E60FF71D3EEF1E000E95BC /* Libs */; };
/* End PBXBuildFile section */

/* Begin PBXFileReference section */
		F914476A1D3956BE00F80EA7 /* UIView+Extension.h */ = {isa = PBXFileReference; fileEncoding = 4; lastKnownFileType = sourcecode.c.h; path = "UIView+Extension.h"; sourceTree = "<group>"; };
		F914476B1D3956BE00F80EA7 /* UIView+Extension.m */ = {isa = PBXFileReference; fileEncoding = 4; lastKnownFileType = sourcecode.c.objc; path = "UIView+Extension.m"; sourceTree = "<group>"; };
		F914476E1D395EC000F80EA7 /* SSPersonModel.h */ = {isa = PBXFileReference; fileEncoding = 4; lastKnownFileType = sourcecode.c.h; path = SSPersonModel.h; sourceTree = "<group>"; };
		F914476F1D395EC000F80EA7 /* SSPersonModel.m */ = {isa = PBXFileReference; fileEncoding = 4; lastKnownFileType = sourcecode.c.objc; path = SSPersonModel.m; sourceTree = "<group>"; };
		F91447711D39635400F80EA7 /* SSsubViewC.h */ = {isa = PBXFileReference; fileEncoding = 4; lastKnownFileType = sourcecode.c.h; path = SSsubViewC.h; sourceTree = "<group>"; };
		F91447721D39635400F80EA7 /* SSsubViewC.m */ = {isa = PBXFileReference; fileEncoding = 4; lastKnownFileType = sourcecode.c.objc; path = SSsubViewC.m; sourceTree = "<group>"; };
		F91447731D39635400F80EA7 /* SSsubViewC.xib */ = {isa = PBXFileReference; fileEncoding = 4; lastKnownFileType = file.xib; path = SSsubViewC.xib; sourceTree = "<group>"; };
		F91447761D399B4600F80EA7 /* OpenCell.h */ = {isa = PBXFileReference; fileEncoding = 4; lastKnownFileType = sourcecode.c.h; path = OpenCell.h; sourceTree = "<group>"; };
		F91447771D399B4600F80EA7 /* OpenCell.m */ = {isa = PBXFileReference; fileEncoding = 4; lastKnownFileType = sourcecode.c.objc; path = OpenCell.m; sourceTree = "<group>"; };
		F91447781D399B4600F80EA7 /* OpenCell.xib */ = {isa = PBXFileReference; fileEncoding = 4; lastKnownFileType = file.xib; path = OpenCell.xib; sourceTree = "<group>"; };
		F919C1121D3802AD001E3983 /* ShiShuo.app */ = {isa = PBXFileReference; explicitFileType = wrapper.application; includeInIndex = 0; path = ShiShuo.app; sourceTree = BUILT_PRODUCTS_DIR; };
		F919C1161D3802AD001E3983 /* main.m */ = {isa = PBXFileReference; lastKnownFileType = sourcecode.c.objc; path = main.m; sourceTree = "<group>"; };
		F919C1181D3802AD001E3983 /* AppDelegate.h */ = {isa = PBXFileReference; lastKnownFileType = sourcecode.c.h; path = AppDelegate.h; sourceTree = "<group>"; };
		F919C1191D3802AD001E3983 /* AppDelegate.m */ = {isa = PBXFileReference; lastKnownFileType = sourcecode.c.objc; path = AppDelegate.m; sourceTree = "<group>"; };
		F919C11B1D3802AD001E3983 /* ViewController.h */ = {isa = PBXFileReference; lastKnownFileType = sourcecode.c.h; path = ViewController.h; sourceTree = "<group>"; };
		F919C11C1D3802AD001E3983 /* ViewController.m */ = {isa = PBXFileReference; lastKnownFileType = sourcecode.c.objc; path = ViewController.m; sourceTree = "<group>"; };
		F919C11F1D3802AD001E3983 /* Base */ = {isa = PBXFileReference; lastKnownFileType = file.storyboard; name = Base; path = Base.lproj/Main.storyboard; sourceTree = "<group>"; };
		F919C1211D3802AD001E3983 /* Assets.xcassets */ = {isa = PBXFileReference; lastKnownFileType = folder.assetcatalog; path = Assets.xcassets; sourceTree = "<group>"; };
		F919C1241D3802AD001E3983 /* Base */ = {isa = PBXFileReference; lastKnownFileType = file.storyboard; name = Base; path = Base.lproj/LaunchScreen.storyboard; sourceTree = "<group>"; };
		F919C1261D3802AD001E3983 /* Info.plist */ = {isa = PBXFileReference; lastKnownFileType = text.plist.xml; path = Info.plist; sourceTree = "<group>"; };
		F919C1321D381246001E3983 /* 22.png */ = {isa = PBXFileReference; lastKnownFileType = image.png; path = 22.png; sourceTree = "<group>"; };
		F919C1381D3815D5001E3983 /* SSLoginVC.h */ = {isa = PBXFileReference; fileEncoding = 4; lastKnownFileType = sourcecode.c.h; path = SSLoginVC.h; sourceTree = "<group>"; };
		F919C1391D3815D5001E3983 /* SSLoginVC.m */ = {isa = PBXFileReference; fileEncoding = 4; lastKnownFileType = sourcecode.c.objc; path = SSLoginVC.m; sourceTree = "<group>"; };
		F919C13A1D3815D5001E3983 /* SSLoginVC.xib */ = {isa = PBXFileReference; fileEncoding = 4; lastKnownFileType = file.xib; path = SSLoginVC.xib; sourceTree = "<group>"; };
		F919C13D1D381627001E3983 /* PrefixHeader.pch */ = {isa = PBXFileReference; lastKnownFileType = sourcecode.c.h; path = PrefixHeader.pch; sourceTree = "<group>"; };
		F919C13E1D381807001E3983 /* 960.png */ = {isa = PBXFileReference; lastKnownFileType = image.png; path = 960.png; sourceTree = "<group>"; };
		F919C1401D3831B2001E3983 /* SSRgisterVC.h */ = {isa = PBXFileReference; fileEncoding = 4; lastKnownFileType = sourcecode.c.h; path = SSRgisterVC.h; sourceTree = "<group>"; };
		F919C1411D3831B2001E3983 /* SSRgisterVC.m */ = {isa = PBXFileReference; fileEncoding = 4; lastKnownFileType = sourcecode.c.objc; path = SSRgisterVC.m; sourceTree = "<group>"; };
		F919C1421D3831B2001E3983 /* SSRgisterVC.xib */ = {isa = PBXFileReference; fileEncoding = 4; lastKnownFileType = file.xib; path = SSRgisterVC.xib; sourceTree = "<group>"; };
		F919C1451D383492001E3983 /* ForgetPassWordVC.h */ = {isa = PBXFileReference; fileEncoding = 4; lastKnownFileType = sourcecode.c.h; path = ForgetPassWordVC.h; sourceTree = "<group>"; };
		F919C1461D383492001E3983 /* ForgetPassWordVC.m */ = {isa = PBXFileReference; fileEncoding = 4; lastKnownFileType = sourcecode.c.objc; path = ForgetPassWordVC.m; sourceTree = "<group>"; };
		F919C1471D383492001E3983 /* ForgetPassWordVC.xib */ = {isa = PBXFileReference; fileEncoding = 4; lastKnownFileType = file.xib; path = ForgetPassWordVC.xib; sourceTree = "<group>"; };
		F919C14A1D383A9E001E3983 /* MineVC.h */ = {isa = PBXFileReference; fileEncoding = 4; lastKnownFileType = sourcecode.c.h; path = MineVC.h; sourceTree = "<group>"; };
		F919C14B1D383A9E001E3983 /* MineVC.m */ = {isa = PBXFileReference; fileEncoding = 4; lastKnownFileType = sourcecode.c.objc; path = MineVC.m; sourceTree = "<group>"; };
		F919C14D1D383AFF001E3983 /* ActivityViewController.h */ = {isa = PBXFileReference; fileEncoding = 4; lastKnownFileType = sourcecode.c.h; path = ActivityViewController.h; sourceTree = "<group>"; };
		F919C14E1D383AFF001E3983 /* ActivityViewController.m */ = {isa = PBXFileReference; fileEncoding = 4; lastKnownFileType = sourcecode.c.objc; path = ActivityViewController.m; sourceTree = "<group>"; };
		F919C1501D383B93001E3983 /* SSBarVC.h */ = {isa = PBXFileReference; fileEncoding = 4; lastKnownFileType = sourcecode.c.h; path = SSBarVC.h; sourceTree = "<group>"; };
		F919C1511D383B93001E3983 /* SSBarVC.m */ = {isa = PBXFileReference; fileEncoding = 4; lastKnownFileType = sourcecode.c.objc; path = SSBarVC.m; sourceTree = "<group>"; };
		F919C1531D383C56001E3983 /* GuideVC.h */ = {isa = PBXFileReference; fileEncoding = 4; lastKnownFileType = sourcecode.c.h; path = GuideVC.h; sourceTree = "<group>"; };
		F919C1541D383C56001E3983 /* GuideVC.m */ = {isa = PBXFileReference; fileEncoding = 4; lastKnownFileType = sourcecode.c.objc; path = GuideVC.m; sourceTree = "<group>"; };
		F919C1551D383C56001E3983 /* GuideVC.xib */ = {isa = PBXFileReference; fileEncoding = 4; lastKnownFileType = file.xib; path = GuideVC.xib; sourceTree = "<group>"; };
		F919C1581D3840FF001E3983 /* 1.png */ = {isa = PBXFileReference; lastKnownFileType = image.png; path = 1.png; sourceTree = "<group>"; };
		F919C15A1D384109001E3983 /* 0.png */ = {isa = PBXFileReference; lastKnownFileType = image.png; path = 0.png; sourceTree = "<group>"; };
		F919C15C1D385088001E3983 /* SSModel.h */ = {isa = PBXFileReference; fileEncoding = 4; lastKnownFileType = sourcecode.c.h; path = SSModel.h; sourceTree = "<group>"; };
		F919C15D1D385088001E3983 /* SSModel.m */ = {isa = PBXFileReference; fileEncoding = 4; lastKnownFileType = sourcecode.c.objc; path = SSModel.m; sourceTree = "<group>"; };
		F919C15F1D385163001E3983 /* Reachability.h */ = {isa = PBXFileReference; fileEncoding = 4; lastKnownFileType = sourcecode.c.h; path = Reachability.h; sourceTree = "<group>"; };
		F919C1601D385163001E3983 /* Reachability.m */ = {isa = PBXFileReference; fileEncoding = 4; lastKnownFileType = sourcecode.c.objc; path = Reachability.m; sourceTree = "<group>"; };
		F919C1611D385163001E3983 /* NetWorkManage.h */ = {isa = PBXFileReference; fileEncoding = 4; lastKnownFileType = sourcecode.c.h; path = NetWorkManage.h; sourceTree = "<group>"; };
		F919C1621D385163001E3983 /* NetWorkManage.m */ = {isa = PBXFileReference; fileEncoding = 4; lastKnownFileType = sourcecode.c.objc; path = NetWorkManage.m; sourceTree = "<group>"; };
		F919C1671D385308001E3983 /* AESCrypt.h */ = {isa = PBXFileReference; fileEncoding = 4; lastKnownFileType = sourcecode.c.h; path = AESCrypt.h; sourceTree = "<group>"; };
		F919C1681D385308001E3983 /* AESCrypt.m */ = {isa = PBXFileReference; fileEncoding = 4; lastKnownFileType = sourcecode.c.objc; path = AESCrypt.m; sourceTree = "<group>"; };
		F919C1691D385308001E3983 /* NSData+Base64.h */ = {isa = PBXFileReference; fileEncoding = 4; lastKnownFileType = sourcecode.c.h; path = "NSData+Base64.h"; sourceTree = "<group>"; };
		F919C16A1D385308001E3983 /* NSData+Base64.m */ = {isa = PBXFileReference; fileEncoding = 4; lastKnownFileType = sourcecode.c.objc; path = "NSData+Base64.m"; sourceTree = "<group>"; };
		F919C16B1D385308001E3983 /* NSString+Base64.h */ = {isa = PBXFileReference; fileEncoding = 4; lastKnownFileType = sourcecode.c.h; path = "NSString+Base64.h"; sourceTree = "<group>"; };
		F919C16C1D385308001E3983 /* NSString+Base64.m */ = {isa = PBXFileReference; fileEncoding = 4; lastKnownFileType = sourcecode.c.objc; path = "NSString+Base64.m"; sourceTree = "<group>"; };
		F919C16D1D385308001E3983 /* NSData+CommonCrypto.h */ = {isa = PBXFileReference; fileEncoding = 4; lastKnownFileType = sourcecode.c.h; path = "NSData+CommonCrypto.h"; sourceTree = "<group>"; };
		F919C16E1D385308001E3983 /* NSData+CommonCrypto.m */ = {isa = PBXFileReference; fileEncoding = 4; lastKnownFileType = sourcecode.c.objc; path = "NSData+CommonCrypto.m"; sourceTree = "<group>"; };
		F919C1731D385341001E3983 /* SSHelpTool.h */ = {isa = PBXFileReference; fileEncoding = 4; lastKnownFileType = sourcecode.c.h; path = SSHelpTool.h; sourceTree = "<group>"; };
		F919C1741D385341001E3983 /* SSHelpTool.m */ = {isa = PBXFileReference; fileEncoding = 4; lastKnownFileType = sourcecode.c.objc; path = SSHelpTool.m; sourceTree = "<group>"; };
		F919C1761D3857D0001E3983 /* YRJSONAdapter.h */ = {isa = PBXFileReference; fileEncoding = 4; lastKnownFileType = sourcecode.c.h; path = YRJSONAdapter.h; sourceTree = "<group>"; };
		F919C1771D3857D0001E3983 /* YRJSONAdapter.m */ = {isa = PBXFileReference; fileEncoding = 4; lastKnownFileType = sourcecode.c.objc; path = YRJSONAdapter.m; sourceTree = "<group>"; };
		F9E60FCF1D3EE32A000E95BC /* CollectionViewCell.h */ = {isa = PBXFileReference; fileEncoding = 4; lastKnownFileType = sourcecode.c.h; path = CollectionViewCell.h; sourceTree = "<group>"; };
		F9E60FD01D3EE32A000E95BC /* CollectionViewCell.m */ = {isa = PBXFileReference; fileEncoding = 4; lastKnownFileType = sourcecode.c.objc; path = CollectionViewCell.m; sourceTree = "<group>"; };
		F9E60FD11D3EE32A000E95BC /* CollectionViewCell.xib */ = {isa = PBXFileReference; fileEncoding = 4; lastKnownFileType = file.xib; path = CollectionViewCell.xib; sourceTree = "<group>"; };
		F9E60FD61D3EE75F000E95BC /* LiveVC.h */ = {isa = PBXFileReference; fileEncoding = 4; lastKnownFileType = sourcecode.c.h; path = LiveVC.h; sourceTree = "<group>"; };
		F9E60FD71D3EE75F000E95BC /* LiveVC.m */ = {isa = PBXFileReference; fileEncoding = 4; lastKnownFileType = sourcecode.c.objc; path = LiveVC.m; sourceTree = "<group>"; };
		F9E60FEA1D3EEC9F000E95BC /* CoreMedia.framework */ = {isa = PBXFileReference; lastKnownFileType = wrapper.framework; name = CoreMedia.framework; path = System/Library/Frameworks/CoreMedia.framework; sourceTree = SDKROOT; };
		F9E60FEC1D3EECAC000E95BC /* AudioToolbox.framework */ = {isa = PBXFileReference; lastKnownFileType = wrapper.framework; name = AudioToolbox.framework; path = System/Library/Frameworks/AudioToolbox.framework; sourceTree = SDKROOT; };
		F9E60FEE1D3EECB6000E95BC /* AVFoundation.framework */ = {isa = PBXFileReference; lastKnownFileType = wrapper.framework; name = AVFoundation.framework; path = System/Library/Frameworks/AVFoundation.framework; sourceTree = SDKROOT; };
		F9E60FF01D3EECC8000E95BC /* libstdc++.tbd */ = {isa = PBXFileReference; lastKnownFileType = "sourcecode.text-based-dylib-definition"; name = "libstdc++.tbd"; path = "usr/lib/libstdc++.tbd"; sourceTree = SDKROOT; };
		F9E60FF21D3EECD5000E95BC /* libz.tbd */ = {isa = PBXFileReference; lastKnownFileType = "sourcecode.text-based-dylib-definition"; name = libz.tbd; path = usr/lib/libz.tbd; sourceTree = SDKROOT; };
		F9E60FF41D3EECE0000E95BC /* libiconv.2.4.0.tbd */ = {isa = PBXFileReference; lastKnownFileType = "sourcecode.text-based-dylib-definition"; name = libiconv.2.4.0.tbd; path = usr/lib/libiconv.2.4.0.tbd; sourceTree = SDKROOT; };
		F9E60FF71D3EEF1E000E95BC /* Libs */ = {isa = PBXFileReference; lastKnownFileType = folder; path = Libs; sourceTree = "<group>"; };
/* End PBXFileReference section */

/* Begin PBXFrameworksBuildPhase section */
		F919C10F1D3802AD001E3983 /* Frameworks */ = {
			isa = PBXFrameworksBuildPhase;
			buildActionMask = 2147483647;
			files = (
				F9E60FF51D3EECE0000E95BC /* libiconv.2.4.0.tbd in Frameworks */,
				F9E60FF31D3EECD5000E95BC /* libz.tbd in Frameworks */,
				F9E60FF11D3EECC8000E95BC /* libstdc++.tbd in Frameworks */,
				F9E60FEF1D3EECB6000E95BC /* AVFoundation.framework in Frameworks */,
				F9E60FED1D3EECAC000E95BC /* AudioToolbox.framework in Frameworks */,
				F9E60FEB1D3EEC9F000E95BC /* CoreMedia.framework in Frameworks */,
			);
			runOnlyForDeploymentPostprocessing = 0;
		};
/* End PBXFrameworksBuildPhase section */

/* Begin PBXGroup section */
		F914476D1D3956C700F80EA7 /* Extiontion */ = {
			isa = PBXGroup;
			children = (
				F914476A1D3956BE00F80EA7 /* UIView+Extension.h */,
				F914476B1D3956BE00F80EA7 /* UIView+Extension.m */,
			);
			name = Extiontion;
			sourceTree = "<group>";
		};
		F919C1091D3802AD001E3983 = {
			isa = PBXGroup;
			children = (
				F9E60FF61D3EECE8000E95BC /* FrameWork */,
				F919C1141D3802AD001E3983 /* ShiShuo */,
				F919C1131D3802AD001E3983 /* Products */,
			);
			sourceTree = "<group>";
		};
		F919C1131D3802AD001E3983 /* Products */ = {
			isa = PBXGroup;
			children = (
				F919C1121D3802AD001E3983 /* ShiShuo.app */,
			);
			name = Products;
			sourceTree = "<group>";
		};
		F919C1141D3802AD001E3983 /* ShiShuo */ = {
			isa = PBXGroup;
			children = (
				F919C1181D3802AD001E3983 /* AppDelegate.h */,
				F919C1191D3802AD001E3983 /* AppDelegate.m */,
				F919C11B1D3802AD001E3983 /* ViewController.h */,
				F919C11C1D3802AD001E3983 /* ViewController.m */,
				F914476D1D3956C700F80EA7 /* Extiontion */,
				F919C1311D38094C001E3983 /* Third */,
				F919C1301D380943001E3983 /* Tool */,
				F919C12F1D380932001E3983 /* Controller */,
				F919C12E1D38092A001E3983 /* ViewS */,
				F919C12C1D38091A001E3983 /* Model */,
				F919C11E1D3802AD001E3983 /* Main.storyboard */,
				F919C1211D3802AD001E3983 /* Assets.xcassets */,
				F919C1231D3802AD001E3983 /* LaunchScreen.storyboard */,
				F919C1261D3802AD001E3983 /* Info.plist */,
				F919C1151D3802AD001E3983 /* Supporting Files */,
			);
			path = ShiShuo;
			sourceTree = "<group>";
		};
		F919C1151D3802AD001E3983 /* Supporting Files */ = {
			isa = PBXGroup;
			children = (
				F919C15A1D384109001E3983 /* 0.png */,
				F919C1581D3840FF001E3983 /* 1.png */,
				F919C13E1D381807001E3983 /* 960.png */,
				F919C1321D381246001E3983 /* 22.png */,
				F919C1161D3802AD001E3983 /* main.m */,
				F919C13D1D381627001E3983 /* PrefixHeader.pch */,
			);
			name = "Supporting Files";
			sourceTree = "<group>";
		};
		F919C12C1D38091A001E3983 /* Model */ = {
			isa = PBXGroup;
			children = (
				F919C15C1D385088001E3983 /* SSModel.h */,
				F919C15D1D385088001E3983 /* SSModel.m */,
				F914476E1D395EC000F80EA7 /* SSPersonModel.h */,
				F914476F1D395EC000F80EA7 /* SSPersonModel.m */,
			);
			name = Model;
			sourceTree = "<group>";
		};
		F919C12E1D38092A001E3983 /* ViewS */ = {
			isa = PBXGroup;
			children = (
				F91447761D399B4600F80EA7 /* OpenCell.h */,
				F91447771D399B4600F80EA7 /* OpenCell.m */,
				F91447781D399B4600F80EA7 /* OpenCell.xib */,
				F9E60FCF1D3EE32A000E95BC /* CollectionViewCell.h */,
				F9E60FD01D3EE32A000E95BC /* CollectionViewCell.m */,
				F9E60FD11D3EE32A000E95BC /* CollectionViewCell.xib */,
			);
			name = ViewS;
			sourceTree = "<group>";
		};
		F919C12F1D380932001E3983 /* Controller */ = {
			isa = PBXGroup;
			children = (
				F919C1371D381411001E3983 /* homeVC */,
				F919C1361D381404001E3983 /* mine */,
				F919C1341D3813B9001E3983 /* login */,
			);
			name = Controller;
			sourceTree = "<group>";
		};
		F919C1301D380943001E3983 /* Tool */ = {
			isa = PBXGroup;
			children = (
				F919C1731D385341001E3983 /* SSHelpTool.h */,
				F919C1741D385341001E3983 /* SSHelpTool.m */,
			);
			name = Tool;
			sourceTree = "<group>";
		};
		F919C1311D38094C001E3983 /* Third */ = {
			isa = PBXGroup;
			children = (
				F9E60FD51D3EE650000E95BC /* 推流SDK */,
				F9E60FD41D3EE63E000E95BC /* 播放SDK */,
				F919C1761D3857D0001E3983 /* YRJSONAdapter.h */,
				F919C1771D3857D0001E3983 /* YRJSONAdapter.m */,
				F919C1661D385265001E3983 /* AES加密 */,
				F919C1651D385169001E3983 /* NetWorkManage */,
			);
			name = Third;
			sourceTree = "<group>";
		};
		F919C1341D3813B9001E3983 /* login */ = {
			isa = PBXGroup;
			children = (
				F919C1381D3815D5001E3983 /* SSLoginVC.h */,
				F919C1391D3815D5001E3983 /* SSLoginVC.m */,
				F919C13A1D3815D5001E3983 /* SSLoginVC.xib */,
				F919C1401D3831B2001E3983 /* SSRgisterVC.h */,
				F919C1411D3831B2001E3983 /* SSRgisterVC.m */,
				F919C1421D3831B2001E3983 /* SSRgisterVC.xib */,
				F919C1451D383492001E3983 /* ForgetPassWordVC.h */,
				F919C1461D383492001E3983 /* ForgetPassWordVC.m */,
				F919C1471D383492001E3983 /* ForgetPassWordVC.xib */,
				F919C1531D383C56001E3983 /* GuideVC.h */,
				F919C1541D383C56001E3983 /* GuideVC.m */,
				F919C1551D383C56001E3983 /* GuideVC.xib */,
			);
			name = login;
			sourceTree = "<group>";
		};
		F919C1361D381404001E3983 /* mine */ = {
			isa = PBXGroup;
			children = (
				F919C1501D383B93001E3983 /* SSBarVC.h */,
				F919C1511D383B93001E3983 /* SSBarVC.m */,
				F919C14A1D383A9E001E3983 /* MineVC.h */,
				F919C14B1D383A9E001E3983 /* MineVC.m */,
				F919C14D1D383AFF001E3983 /* ActivityViewController.h */,
				F919C14E1D383AFF001E3983 /* ActivityViewController.m */,
			);
			name = mine;
			sourceTree = "<group>";
		};
		F919C1371D381411001E3983 /* homeVC */ = {
			isa = PBXGroup;
			children = (
				F91447711D39635400F80EA7 /* SSsubViewC.h */,
				F91447721D39635400F80EA7 /* SSsubViewC.m */,
				F91447731D39635400F80EA7 /* SSsubViewC.xib */,
				F9E60FD61D3EE75F000E95BC /* LiveVC.h */,
				F9E60FD71D3EE75F000E95BC /* LiveVC.m */,
			);
			name = homeVC;
			sourceTree = "<group>";
		};
		F919C1651D385169001E3983 /* NetWorkManage */ = {
			isa = PBXGroup;
			children = (
				F919C15F1D385163001E3983 /* Reachability.h */,
				F919C1601D385163001E3983 /* Reachability.m */,
				F919C1611D385163001E3983 /* NetWorkManage.h */,
				F919C1621D385163001E3983 /* NetWorkManage.m */,
			);
			name = NetWorkManage;
			sourceTree = "<group>";
		};
		F919C1661D385265001E3983 /* AES加密 */ = {
			isa = PBXGroup;
			children = (
				F919C1671D385308001E3983 /* AESCrypt.h */,
				F919C1681D385308001E3983 /* AESCrypt.m */,
				F919C1691D385308001E3983 /* NSData+Base64.h */,
				F919C16A1D385308001E3983 /* NSData+Base64.m */,
				F919C16B1D385308001E3983 /* NSString+Base64.h */,
				F919C16C1D385308001E3983 /* NSString+Base64.m */,
				F919C16D1D385308001E3983 /* NSData+CommonCrypto.h */,
				F919C16E1D385308001E3983 /* NSData+CommonCrypto.m */,
			);
			name = "AES加密";
			sourceTree = "<group>";
		};
		F9E60FD41D3EE63E000E95BC /* 播放SDK */ = {
			isa = PBXGroup;
			children = (
			);
			name = "播放SDK";
			sourceTree = "<group>";
		};
		F9E60FD51D3EE650000E95BC /* 推流SDK */ = {
			isa = PBXGroup;
			children = (
				F9E60FF71D3EEF1E000E95BC /* Libs */,
			);
			name = "推流SDK";
			sourceTree = "<group>";
		};
		F9E60FF61D3EECE8000E95BC /* FrameWork */ = {
			isa = PBXGroup;
			children = (
				F9E60FF41D3EECE0000E95BC /* libiconv.2.4.0.tbd */,
				F9E60FF21D3EECD5000E95BC /* libz.tbd */,
				F9E60FF01D3EECC8000E95BC /* libstdc++.tbd */,
				F9E60FEE1D3EECB6000E95BC /* AVFoundation.framework */,
				F9E60FEC1D3EECAC000E95BC /* AudioToolbox.framework */,
				F9E60FEA1D3EEC9F000E95BC /* CoreMedia.framework */,
			);
			name = FrameWork;
			sourceTree = "<group>";
		};
/* End PBXGroup section */

/* Begin PBXNativeTarget section */
		F919C1111D3802AD001E3983 /* ShiShuo */ = {
			isa = PBXNativeTarget;
			buildConfigurationList = F919C1291D3802AD001E3983 /* Build configuration list for PBXNativeTarget "ShiShuo" */;
			buildPhases = (
				F919C10E1D3802AD001E3983 /* Sources */,
				F919C10F1D3802AD001E3983 /* Frameworks */,
				F919C1101D3802AD001E3983 /* Resources */,
			);
			buildRules = (
			);
			dependencies = (
			);
			name = ShiShuo;
			productName = ShiShuo;
			productReference = F919C1121D3802AD001E3983 /* ShiShuo.app */;
			productType = "com.apple.product-type.application";
		};
/* End PBXNativeTarget section */

/* Begin PBXProject section */
		F919C10A1D3802AD001E3983 /* Project object */ = {
			isa = PBXProject;
			attributes = {
				LastUpgradeCheck = 0720;
				ORGANIZATIONNAME = CloudEducation;
				TargetAttributes = {
					F919C1111D3802AD001E3983 = {
						CreatedOnToolsVersion = 7.2.1;
					};
				};
			};
			buildConfigurationList = F919C10D1D3802AD001E3983 /* Build configuration list for PBXProject "ShiShuo" */;
			compatibilityVersion = "Xcode 3.2";
			developmentRegion = English;
			hasScannedForEncodings = 0;
			knownRegions = (
				en,
				Base,
			);
			mainGroup = F919C1091D3802AD001E3983;
			productRefGroup = F919C1131D3802AD001E3983 /* Products */;
			projectDirPath = "";
			projectRoot = "";
			targets = (
				F919C1111D3802AD001E3983 /* ShiShuo */,
			);
		};
/* End PBXProject section */

/* Begin PBXResourcesBuildPhase section */
		F919C1101D3802AD001E3983 /* Resources */ = {
			isa = PBXResourcesBuildPhase;
			buildActionMask = 2147483647;
			files = (
				F919C15B1D384109001E3983 /* 0.png in Resources */,
				F919C1491D383492001E3983 /* ForgetPassWordVC.xib in Resources */,
				F919C13C1D3815D5001E3983 /* SSLoginVC.xib in Resources */,
				F914477A1D399B4600F80EA7 /* OpenCell.xib in Resources */,
				F919C1441D3831B2001E3983 /* SSRgisterVC.xib in Resources */,
				F919C1251D3802AD001E3983 /* LaunchScreen.storyboard in Resources */,
				F91447751D39635400F80EA7 /* SSsubViewC.xib in Resources */,
				F919C1331D381246001E3983 /* 22.png in Resources */,
				F9E60FF81D3EEF1E000E95BC /* Libs in Resources */,
				F9E60FD31D3EE32A000E95BC /* CollectionViewCell.xib in Resources */,
				F919C13F1D381807001E3983 /* 960.png in Resources */,
				F919C1571D383C56001E3983 /* GuideVC.xib in Resources */,
				F919C1221D3802AD001E3983 /* Assets.xcassets in Resources */,
				F919C1201D3802AD001E3983 /* Main.storyboard in Resources */,
				F919C1591D3840FF001E3983 /* 1.png in Resources */,
			);
			runOnlyForDeploymentPostprocessing = 0;
		};
/* End PBXResourcesBuildPhase section */

/* Begin PBXSourcesBuildPhase section */
		F919C10E1D3802AD001E3983 /* Sources */ = {
			isa = PBXSourcesBuildPhase;
			buildActionMask = 2147483647;
			files = (
				F919C11D1D3802AD001E3983 /* ViewController.m in Sources */,
				F919C1561D383C56001E3983 /* GuideVC.m in Sources */,
				F919C1701D385308001E3983 /* NSData+Base64.m in Sources */,
				F919C11A1D3802AD001E3983 /* AppDelegate.m in Sources */,
				F919C1711D385308001E3983 /* NSString+Base64.m in Sources */,
				F919C13B1D3815D5001E3983 /* SSLoginVC.m in Sources */,
				F9E60FD21D3EE32A000E95BC /* CollectionViewCell.m in Sources */,
				F919C1721D385308001E3983 /* NSData+CommonCrypto.m in Sources */,
				F91447741D39635400F80EA7 /* SSsubViewC.m in Sources */,
				F919C1431D3831B2001E3983 /* SSRgisterVC.m in Sources */,
				F919C1751D385341001E3983 /* SSHelpTool.m in Sources */,
				F919C1481D383492001E3983 /* ForgetPassWordVC.m in Sources */,
				F91447701D395EC000F80EA7 /* SSPersonModel.m in Sources */,
				F914476C1D3956BE00F80EA7 /* UIView+Extension.m in Sources */,
				F919C1641D385163001E3983 /* NetWorkManage.m in Sources */,
				F919C1781D3857D0001E3983 /* YRJSONAdapter.m in Sources */,
				F919C14C1D383A9E001E3983 /* MineVC.m in Sources */,
				F919C1521D383B93001E3983 /* SSBarVC.m in Sources */,
				F9E60FD81D3EE75F000E95BC /* LiveVC.m in Sources */,
				F919C1171D3802AD001E3983 /* main.m in Sources */,
				F919C15E1D385088001E3983 /* SSModel.m in Sources */,
				F919C1631D385163001E3983 /* Reachability.m in Sources */,
				F919C16F1D385308001E3983 /* AESCrypt.m in Sources */,
				F919C14F1D383AFF001E3983 /* ActivityViewController.m in Sources */,
				F91447791D399B4600F80EA7 /* OpenCell.m in Sources */,
			);
			runOnlyForDeploymentPostprocessing = 0;
		};
/* End PBXSourcesBuildPhase section */

/* Begin PBXVariantGroup section */
		F919C11E1D3802AD001E3983 /* Main.storyboard */ = {
			isa = PBXVariantGroup;
			children = (
				F919C11F1D3802AD001E3983 /* Base */,
			);
			name = Main.storyboard;
			sourceTree = "<group>";
		};
		F919C1231D3802AD001E3983 /* LaunchScreen.storyboard */ = {
			isa = PBXVariantGroup;
			children = (
				F919C1241D3802AD001E3983 /* Base */,
			);
			name = LaunchScreen.storyboard;
			sourceTree = "<group>";
		};
/* End PBXVariantGroup section */

/* Begin XCBuildConfiguration section */
		F919C1271D3802AD001E3983 /* Debug */ = {
			isa = XCBuildConfiguration;
			buildSettings = {
				ALWAYS_SEARCH_USER_PATHS = NO;
				CLANG_CXX_LANGUAGE_STANDARD = "gnu++0x";
				CLANG_CXX_LIBRARY = "libc++";
				CLANG_ENABLE_MODULES = YES;
				CLANG_ENABLE_OBJC_ARC = YES;
				CLANG_WARN_BOOL_CONVERSION = YES;
				CLANG_WARN_CONSTANT_CONVERSION = YES;
				CLANG_WARN_DIRECT_OBJC_ISA_USAGE = YES_ERROR;
				CLANG_WARN_EMPTY_BODY = YES;
				CLANG_WARN_ENUM_CONVERSION = YES;
				CLANG_WARN_INT_CONVERSION = YES;
				CLANG_WARN_OBJC_ROOT_CLASS = YES_ERROR;
				CLANG_WARN_UNREACHABLE_CODE = YES;
				CLANG_WARN__DUPLICATE_METHOD_MATCH = YES;
				"CODE_SIGN_IDENTITY[sdk=iphoneos*]" = "iPhone Developer";
				COPY_PHASE_STRIP = NO;
				DEBUG_INFORMATION_FORMAT = dwarf;
				ENABLE_STRICT_OBJC_MSGSEND = YES;
				ENABLE_TESTABILITY = YES;
				GCC_C_LANGUAGE_STANDARD = gnu99;
				GCC_DYNAMIC_NO_PIC = NO;
				GCC_NO_COMMON_BLOCKS = YES;
				GCC_OPTIMIZATION_LEVEL = 0;
				GCC_PREPROCESSOR_DEFINITIONS = (
					"DEBUG=1",
					"$(inherited)",
				);
				GCC_WARN_64_TO_32_BIT_CONVERSION = YES;
				GCC_WARN_ABOUT_RETURN_TYPE = YES_ERROR;
				GCC_WARN_UNDECLARED_SELECTOR = YES;
				GCC_WARN_UNINITIALIZED_AUTOS = YES_AGGRESSIVE;
				GCC_WARN_UNUSED_FUNCTION = YES;
				GCC_WARN_UNUSED_VARIABLE = YES;
				IPHONEOS_DEPLOYMENT_TARGET = 9.2;
				MTL_ENABLE_DEBUG_INFO = YES;
				ONLY_ACTIVE_ARCH = YES;
				SDKROOT = iphoneos;
			};
			name = Debug;
		};
		F919C1281D3802AD001E3983 /* Release */ = {
			isa = XCBuildConfiguration;
			buildSettings = {
				ALWAYS_SEARCH_USER_PATHS = NO;
				CLANG_CXX_LANGUAGE_STANDARD = "gnu++0x";
				CLANG_CXX_LIBRARY = "libc++";
				CLANG_ENABLE_MODULES = YES;
				CLANG_ENABLE_OBJC_ARC = YES;
				CLANG_WARN_BOOL_CONVERSION = YES;
				CLANG_WARN_CONSTANT_CONVERSION = YES;
				CLANG_WARN_DIRECT_OBJC_ISA_USAGE = YES_ERROR;
				CLANG_WARN_EMPTY_BODY = YES;
				CLANG_WARN_ENUM_CONVERSION = YES;
				CLANG_WARN_INT_CONVERSION = YES;
				CLANG_WARN_OBJC_ROOT_CLASS = YES_ERROR;
				CLANG_WARN_UNREACHABLE_CODE = YES;
				CLANG_WARN__DUPLICATE_METHOD_MATCH = YES;
				"CODE_SIGN_IDENTITY[sdk=iphoneos*]" = "iPhone Developer";
				COPY_PHASE_STRIP = NO;
				DEBUG_INFORMATION_FORMAT = "dwarf-with-dsym";
				ENABLE_NS_ASSERTIONS = NO;
				ENABLE_STRICT_OBJC_MSGSEND = YES;
				GCC_C_LANGUAGE_STANDARD = gnu99;
				GCC_NO_COMMON_BLOCKS = YES;
				GCC_WARN_64_TO_32_BIT_CONVERSION = YES;
				GCC_WARN_ABOUT_RETURN_TYPE = YES_ERROR;
				GCC_WARN_UNDECLARED_SELECTOR = YES;
				GCC_WARN_UNINITIALIZED_AUTOS = YES_AGGRESSIVE;
				GCC_WARN_UNUSED_FUNCTION = YES;
				GCC_WARN_UNUSED_VARIABLE = YES;
				IPHONEOS_DEPLOYMENT_TARGET = 9.2;
				MTL_ENABLE_DEBUG_INFO = NO;
				SDKROOT = iphoneos;
				VALIDATE_PRODUCT = YES;
			};
			name = Release;
		};
		F919C12A1D3802AD001E3983 /* Debug */ = {
			isa = XCBuildConfiguration;
			buildSettings = {
				ASSETCATALOG_COMPILER_APPICON_NAME = AppIcon;
				ASSETCATALOG_COMPILER_LAUNCHIMAGE_NAME = "Brand Assets";
				ENABLE_BITCODE = NO;
				GCC_PRECOMPILE_PREFIX_HEADER = YES;
				GCC_PREFIX_HEADER = "$(SRCROOT)/ShiShuo/PrefixHeader.pch";
				INFOPLIST_FILE = ShiShuo/Info.plist;
				IPHONEOS_DEPLOYMENT_TARGET = 9.0;
				LD_RUNPATH_SEARCH_PATHS = "$(inherited) @executable_path/Frameworks";
				LIBRARY_SEARCH_PATHS = (
					"$(inherited)",
					"$(PROJECT_DIR)/ShiShuo/Libs/LeCloudStreaming",
				);
				OTHER_LDFLAGS = "-all_load";
				PRODUCT_BUNDLE_IDENTIFIER = Cloud.ShiShuo;
				PRODUCT_NAME = "$(TARGET_NAME)";
			};
			name = Debug;
		};
		F919C12B1D3802AD001E3983 /* Release */ = {
			isa = XCBuildConfiguration;
			buildSettings = {
				ASSETCATALOG_COMPILER_APPICON_NAME = AppIcon;
				ASSETCATALOG_COMPILER_LAUNCHIMAGE_NAME = "Brand Assets";
				ENABLE_BITCODE = NO;
				GCC_PRECOMPILE_PREFIX_HEADER = YES;
				GCC_PREFIX_HEADER = "$(SRCROOT)/ShiShuo/PrefixHeader.pch";
				INFOPLIST_FILE = ShiShuo/Info.plist;
				IPHONEOS_DEPLOYMENT_TARGET = 9.0;
				LD_RUNPATH_SEARCH_PATHS = "$(inherited) @executable_path/Frameworks";
				LIBRARY_SEARCH_PATHS = (
					"$(inherited)",
					"$(PROJECT_DIR)/ShiShuo/Libs/LeCloudStreaming",
				);
				OTHER_LDFLAGS = "-all_load";
				PRODUCT_BUNDLE_IDENTIFIER = Cloud.ShiShuo;
				PRODUCT_NAME = "$(TARGET_NAME)";
			};
			name = Release;
		};
/* End XCBuildConfiguration section */

/* Begin XCConfigurationList section */
		F919C10D1D3802AD001E3983 /* Build configuration list for PBXProject "ShiShuo" */ = {
			isa = XCConfigurationList;
			buildConfigurations = (
				F919C1271D3802AD001E3983 /* Debug */,
				F919C1281D3802AD001E3983 /* Release */,
			);
			defaultConfigurationIsVisible = 0;
			defaultConfigurationName = Release;
		};
		F919C1291D3802AD001E3983 /* Build configuration list for PBXNativeTarget "ShiShuo" */ = {
			isa = XCConfigurationList;
			buildConfigurations = (
				F919C12A1D3802AD001E3983 /* Debug */,
				F919C12B1D3802AD001E3983 /* Release */,
			);
			defaultConfigurationIsVisible = 0;
			defaultConfigurationName = Release;
		};
/* End XCConfigurationList section */
	};
	rootObject = F919C10A1D3802AD001E3983 /* Project object */;
}
